{
  "version": 4,
  "terraform_version": "1.1.6",
  "serial": 134,
  "lineage": "6eeb5b00-ac46-9df0-ef94-760622d186fa",
  "outputs": {},
  "resources": [
    {
      "mode": "data",
      "type": "archive_file",
      "name": "lambda_zip",
      "provider": "provider[\"registry.terraform.io/hashicorp/archive\"]",
      "instances": [
        {
          "schema_version": 0,
          "attributes": {
            "excludes": null,
            "id": "aa45328dbdf7ca952f181e7aff989494902ce8f5",
            "output_base64sha256": "/29EetqdtbxslYuvh7HjSPD+WFnQN593ePwXSnMDkl8=",
            "output_file_mode": null,
            "output_md5": "96bdb6d32a1a28923645e6e7a91c3653",
            "output_path": "bin/ipaddress.zip",
            "output_sha": "aa45328dbdf7ca952f181e7aff989494902ce8f5",
            "output_size": 2428079,
            "source": [],
            "source_content": null,
            "source_content_filename": null,
            "source_dir": null,
            "source_file": "../source/bin/ipaddress",
            "type": "zip"
          },
          "sensitive_attributes": []
        }
      ]
    },
    {
      "mode": "data",
      "type": "aws_caller_identity",
      "name": "current",
      "provider": "provider[\"registry.terraform.io/hashicorp/aws\"]",
      "instances": [
        {
          "schema_version": 0,
          "attributes": {
            "account_id": "403003315874",
            "arn": "arn:aws:iam::403003315874:user/cyderes-challenge",
            "id": "403003315874",
            "user_id": "AIDAV3VG6S2RJ3Q7TKX64"
          },
          "sensitive_attributes": []
        }
      ]
    },
    {
      "mode": "data",
      "type": "aws_iam_policy_document",
      "name": "assume_role",
      "provider": "provider[\"registry.terraform.io/hashicorp/aws\"]",
      "instances": [
        {
          "schema_version": 0,
          "attributes": {
            "id": "4263247547",
            "json": "{\n  \"Version\": \"2012-10-17\",\n  \"Id\": \"go-lambda-terraform-ipaddress-lambda\",\n  \"Statement\": [\n    {\n      \"Sid\": \"\",\n      \"Effect\": \"Allow\",\n      \"Action\": \"sts:AssumeRole\",\n      \"Principal\": {\n        \"Service\": \"lambda.amazonaws.com\"\n      }\n    }\n  ]\n}",
            "override_json": null,
            "override_policy_documents": null,
            "policy_id": "go-lambda-terraform-ipaddress-lambda",
            "source_json": null,
            "source_policy_documents": null,
            "statement": [
              {
                "actions": [
                  "sts:AssumeRole"
                ],
                "condition": [],
                "effect": "Allow",
                "not_actions": [],
                "not_principals": [],
                "not_resources": [],
                "principals": [
                  {
                    "identifiers": [
                      "lambda.amazonaws.com"
                    ],
                    "type": "Service"
                  }
                ],
                "resources": [],
                "sid": ""
              }
            ],
            "version": "2012-10-17"
          },
          "sensitive_attributes": []
        }
      ]
    },
    {
      "mode": "data",
      "type": "aws_iam_policy_document",
      "name": "logs",
      "provider": "provider[\"registry.terraform.io/hashicorp/aws\"]",
      "instances": [
        {
          "schema_version": 0,
          "attributes": {
            "id": "2924968745",
            "json": "{\n  \"Version\": \"2012-10-17\",\n  \"Id\": \"go-lambda-terraform-ipaddress-lambda-logs\",\n  \"Statement\": [\n    {\n      \"Sid\": \"\",\n      \"Effect\": \"Allow\",\n      \"Action\": [\n        \"logs:PutLogEvents\",\n        \"logs:DescribeLogStreams\",\n        \"logs:CreateLogStream\"\n      ],\n      \"Resource\": \"arn:aws:logs:*:*:*\"\n    }\n  ]\n}",
            "override_json": null,
            "override_policy_documents": null,
            "policy_id": "go-lambda-terraform-ipaddress-lambda-logs",
            "source_json": null,
            "source_policy_documents": null,
            "statement": [
              {
                "actions": [
                  "logs:CreateLogStream",
                  "logs:DescribeLogStreams",
                  "logs:PutLogEvents"
                ],
                "condition": [],
                "effect": "Allow",
                "not_actions": [],
                "not_principals": [],
                "not_resources": [],
                "principals": [],
                "resources": [
                  "arn:aws:logs:*:*:*"
                ],
                "sid": ""
              }
            ],
            "version": "2012-10-17"
          },
          "sensitive_attributes": []
        }
      ]
    },
    {
      "mode": "managed",
      "type": "aws_api_gateway_deployment",
      "name": "api",
      "provider": "provider[\"registry.terraform.io/hashicorp/aws\"]",
      "instances": []
    },
    {
      "mode": "managed",
      "type": "aws_api_gateway_gateway_response",
      "name": "forbidden",
      "provider": "provider[\"registry.terraform.io/hashicorp/aws\"]",
      "instances": [
        {
          "schema_version": 0,
          "attributes": {
            "id": "aggr-x39ga93oz3-DEFAULT_4XX",
            "response_parameters": {
              "gatewayresponse.header.Access-Control-Allow-Headers": "'*'",
              "gatewayresponse.header.Access-Control-Allow-Origin": "'*'"
            },
            "response_templates": {
              "application/json": "{'message':$context.error.messageString}"
            },
            "response_type": "DEFAULT_4XX",
            "rest_api_id": "x39ga93oz3",
            "status_code": "403"
          },
          "sensitive_attributes": [],
          "private": "bnVsbA==",
          "dependencies": [
            "aws_api_gateway_rest_api.api"
          ]
        }
      ]
    },
    {
      "mode": "managed",
      "type": "aws_api_gateway_gateway_response",
      "name": "internal_server_error",
      "provider": "provider[\"registry.terraform.io/hashicorp/aws\"]",
      "instances": [
        {
          "schema_version": 0,
          "attributes": {
            "id": "aggr-x39ga93oz3-DEFAULT_5XX",
            "response_parameters": {
              "gatewayresponse.header.Access-Control-Allow-Headers": "'*'",
              "gatewayresponse.header.Access-Control-Allow-Origin": "'*'"
            },
            "response_templates": {
              "application/json": "{'message':$context.error.messageString}"
            },
            "response_type": "DEFAULT_5XX",
            "rest_api_id": "x39ga93oz3",
            "status_code": "500"
          },
          "sensitive_attributes": [],
          "private": "bnVsbA==",
          "dependencies": [
            "aws_api_gateway_rest_api.api"
          ]
        }
      ]
    },
    {
      "mode": "managed",
      "type": "aws_api_gateway_gateway_response",
      "name": "unauthorised",
      "provider": "provider[\"registry.terraform.io/hashicorp/aws\"]",
      "instances": [
        {
          "schema_version": 0,
          "attributes": {
            "id": "aggr-x39ga93oz3-UNAUTHORIZED",
            "response_parameters": {
              "gatewayresponse.header.Access-Control-Allow-Headers": "'*'",
              "gatewayresponse.header.Access-Control-Allow-Origin": "'*'"
            },
            "response_templates": {
              "application/json": "{'message':$context.error.messageString}"
            },
            "response_type": "UNAUTHORIZED",
            "rest_api_id": "x39ga93oz3",
            "status_code": "401"
          },
          "sensitive_attributes": [],
          "private": "bnVsbA==",
          "dependencies": [
            "aws_api_gateway_rest_api.api"
          ]
        }
      ]
    },
    {
      "mode": "managed",
      "type": "aws_api_gateway_integration",
      "name": "endpoint",
      "provider": "provider[\"registry.terraform.io/hashicorp/aws\"]",
      "instances": []
    },
    {
      "mode": "managed",
      "type": "aws_api_gateway_integration_response",
      "name": "endpoint",
      "provider": "provider[\"registry.terraform.io/hashicorp/aws\"]",
      "instances": []
    },
    {
      "mode": "managed",
      "type": "aws_api_gateway_method",
      "name": "endpoint",
      "provider": "provider[\"registry.terraform.io/hashicorp/aws\"]",
      "instances": [
        {
          "schema_version": 0,
          "attributes": {
            "api_key_required": false,
            "authorization": "NONE",
            "authorization_scopes": [],
            "authorizer_id": "",
            "http_method": "GET",
            "id": "agm-x39ga93oz3-5had5c-GET",
            "operation_name": "",
            "request_models": {},
            "request_parameters": {},
            "request_validator_id": "",
            "resource_id": "5had5c",
            "rest_api_id": "x39ga93oz3"
          },
          "sensitive_attributes": [],
          "private": "bnVsbA==",
          "dependencies": [
            "aws_api_gateway_resource.endpoint",
            "aws_api_gateway_rest_api.api"
          ]
        }
      ]
    },
    {
      "mode": "managed",
      "type": "aws_api_gateway_method_response",
      "name": "endpoint",
      "provider": "provider[\"registry.terraform.io/hashicorp/aws\"]",
      "instances": [
        {
          "schema_version": 0,
          "attributes": {
            "http_method": "GET",
            "id": "agmr-x39ga93oz3-5had5c-GET-200",
            "resource_id": "5had5c",
            "response_models": {},
            "response_parameters": {},
            "rest_api_id": "x39ga93oz3",
            "status_code": "200"
          },
          "sensitive_attributes": [],
          "private": "bnVsbA==",
          "dependencies": [
            "aws_api_gateway_method.endpoint",
            "aws_api_gateway_resource.endpoint",
            "aws_api_gateway_rest_api.api"
          ]
        }
      ]
    },
    {
      "mode": "managed",
      "type": "aws_api_gateway_resource",
      "name": "endpoint",
      "provider": "provider[\"registry.terraform.io/hashicorp/aws\"]",
      "instances": [
        {
          "schema_version": 0,
          "attributes": {
            "id": "5had5c",
            "parent_id": "h3yi2pu8u1",
            "path": "/ipaddress",
            "path_part": "ipaddress",
            "rest_api_id": "x39ga93oz3"
          },
          "sensitive_attributes": [],
          "private": "bnVsbA==",
          "dependencies": [
            "aws_api_gateway_rest_api.api"
          ]
        }
      ]
    },
    {
      "mode": "managed",
      "type": "aws_api_gateway_rest_api",
      "name": "api",
      "provider": "provider[\"registry.terraform.io/hashicorp/aws\"]",
      "instances": [
        {
          "schema_version": 0,
          "attributes": {
            "api_key_source": "HEADER",
            "arn": "arn:aws:apigateway:us-east-1::/restapis/x39ga93oz3",
            "binary_media_types": [],
            "body": null,
            "created_date": "2022-02-22T22:38:59Z",
            "description": "",
            "disable_execute_api_endpoint": false,
            "endpoint_configuration": [
              {
                "types": [
                  "EDGE"
                ],
                "vpc_endpoint_ids": []
              }
            ],
            "execution_arn": "arn:aws:execute-api:us-east-1:403003315874:x39ga93oz3",
            "id": "x39ga93oz3",
            "minimum_compression_size": -1,
            "name": "go-lambda-terraform-ipaddress",
            "parameters": null,
            "policy": "",
            "root_resource_id": "h3yi2pu8u1",
            "tags": {},
            "tags_all": {}
          },
          "sensitive_attributes": [],
          "private": "bnVsbA=="
        }
      ]
    },
    {
      "mode": "managed",
      "type": "aws_api_gateway_stage",
      "name": "api",
      "provider": "provider[\"registry.terraform.io/hashicorp/aws\"]",
      "instances": []
    },
    {
      "mode": "managed",
      "type": "aws_iam_role_policy_attachment",
      "name": "logs",
      "provider": "provider[\"registry.terraform.io/hashicorp/aws\"]",
      "instances": []
    },
    {
      "mode": "managed",
      "type": "aws_lambda_function",
      "name": "func",
      "provider": "provider[\"registry.terraform.io/hashicorp/aws\"]",
      "instances": []
    },
    {
      "module": "module.cors",
      "mode": "managed",
      "type": "aws_api_gateway_integration",
      "name": "_",
      "provider": "provider[\"registry.terraform.io/hashicorp/aws\"]",
      "instances": [
        {
          "schema_version": 0,
          "attributes": {
            "cache_key_parameters": [],
            "cache_namespace": "5had5c",
            "connection_id": "",
            "connection_type": "INTERNET",
            "content_handling": "CONVERT_TO_TEXT",
            "credentials": "",
            "http_method": "OPTIONS",
            "id": "agi-x39ga93oz3-5had5c-OPTIONS",
            "integration_http_method": "",
            "passthrough_behavior": "WHEN_NO_MATCH",
            "request_parameters": {},
            "request_templates": {
              "application/json": "{ \"statusCode\": 200 }"
            },
            "resource_id": "5had5c",
            "rest_api_id": "x39ga93oz3",
            "timeout_milliseconds": 29000,
            "tls_config": [],
            "type": "MOCK",
            "uri": ""
          },
          "sensitive_attributes": [],
          "private": "bnVsbA==",
          "dependencies": [
            "aws_api_gateway_resource.endpoint",
            "aws_api_gateway_rest_api.api",
            "module.cors.aws_api_gateway_method._"
          ]
        }
      ]
    },
    {
      "module": "module.cors",
      "mode": "managed",
      "type": "aws_api_gateway_integration_response",
      "name": "_",
      "provider": "provider[\"registry.terraform.io/hashicorp/aws\"]",
      "instances": [
        {
          "schema_version": 0,
          "attributes": {
            "content_handling": "",
            "http_method": "OPTIONS",
            "id": "agir-x39ga93oz3-5had5c-OPTIONS-200",
            "resource_id": "5had5c",
            "response_parameters": {
              "method.response.header.Access-Control-Allow-Headers": "'Authorization,Content-Type,X-Amz-Date,X-Amz-Security-Token,X-Api-Key,X-Charge'",
              "method.response.header.Access-Control-Allow-Methods": "'OPTIONS,HEAD,GET,POST,PUT,PATCH,DELETE'",
              "method.response.header.Access-Control-Allow-Origin": "'*'",
              "method.response.header.Access-Control-Max-Age": "'7200'"
            },
            "response_templates": {},
            "rest_api_id": "x39ga93oz3",
            "selection_pattern": "",
            "status_code": "200"
          },
          "sensitive_attributes": [],
          "private": "bnVsbA==",
          "dependencies": [
            "aws_api_gateway_resource.endpoint",
            "aws_api_gateway_rest_api.api",
            "module.cors.aws_api_gateway_integration._",
            "module.cors.aws_api_gateway_method._",
            "module.cors.aws_api_gateway_method_response._"
          ]
        }
      ]
    },
    {
      "module": "module.cors",
      "mode": "managed",
      "type": "aws_api_gateway_method",
      "name": "_",
      "provider": "provider[\"registry.terraform.io/hashicorp/aws\"]",
      "instances": [
        {
          "schema_version": 0,
          "attributes": {
            "api_key_required": false,
            "authorization": "NONE",
            "authorization_scopes": [],
            "authorizer_id": "",
            "http_method": "OPTIONS",
            "id": "agm-x39ga93oz3-5had5c-OPTIONS",
            "operation_name": "",
            "request_models": {},
            "request_parameters": {},
            "request_validator_id": "",
            "resource_id": "5had5c",
            "rest_api_id": "x39ga93oz3"
          },
          "sensitive_attributes": [],
          "private": "bnVsbA==",
          "dependencies": [
            "aws_api_gateway_resource.endpoint",
            "aws_api_gateway_rest_api.api"
          ]
        }
      ]
    },
    {
      "module": "module.cors",
      "mode": "managed",
      "type": "aws_api_gateway_method_response",
      "name": "_",
      "provider": "provider[\"registry.terraform.io/hashicorp/aws\"]",
      "instances": [
        {
          "schema_version": 0,
          "attributes": {
            "http_method": "OPTIONS",
            "id": "agmr-x39ga93oz3-5had5c-OPTIONS-200",
            "resource_id": "5had5c",
            "response_models": {
              "application/json": "Empty"
            },
            "response_parameters": {
              "method.response.header.Access-Control-Allow-Headers": true,
              "method.response.header.Access-Control-Allow-Methods": true,
              "method.response.header.Access-Control-Allow-Origin": true,
              "method.response.header.Access-Control-Max-Age": true
            },
            "rest_api_id": "x39ga93oz3",
            "status_code": "200"
          },
          "sensitive_attributes": [],
          "private": "bnVsbA==",
          "dependencies": [
            "aws_api_gateway_resource.endpoint",
            "aws_api_gateway_rest_api.api",
            "module.cors.aws_api_gateway_method._"
          ]
        }
      ]
    }
  ]
}
